
Microsoft Visual Studio Solution File, Format Version 12.00
# Visual Studio Version 17
VisualStudioVersion = 17.0.31903.59
MinimumVisualStudioVersion = 10.0.40219.1
Project("{FAE04EC0-301F-11D3-BF4B-00C04F79EFBC}") = "Zadanie22", "Zadanie22\Zadanie22.csproj", "{D6DC68DD-C3E9-4B81-BCE2-D7604594227F}"
EndProject
Global
	GlobalSection(SolutionConfigurationPlatforms) = preSolution
		Debug|Any CPU = Debug|Any CPU
		Release|Any CPU = Release|Any CPU
	EndGlobalSection
	GlobalSection(ProjectConfigurationPlatforms) = postSolution
		{D6DC68DD-C3E9-4B81-BCE2-D7604594227F}.Debug|Any CPU.ActiveCfg = Debug|Any CPU
		{D6DC68DD-C3E9-4B81-BCE2-D7604594227F}.Debug|Any CPU.Build.0 = Debug|Any CPU
		{D6DC68DD-C3E9-4B81-BCE2-D7604594227F}.Release|Any CPU.ActiveCfg = Release|Any CPU
		{D6DC68DD-C3E9-4B81-BCE2-D7604594227F}.Release|Any CPU.Build.0 = Release|Any CPU
	EndGlobalSection
	GlobalSection(SolutionProperties) = preSolution
		HideSolutionNode = FALSE
	EndGlobalSection
	GlobalSection(ExtensibilityGlobals) = postSolution
		SolutionGuid = {94B7B3B0-A652-4EB1-8927-6E4D1A51DFAC}
	EndGlobalSection
EndGlobal
